
Microsoft Visual Studio Solution File, Format Version 12.00
# Visual Studio Version 16
VisualStudioVersion = 16.0.32510.428
MinimumVisualStudioVersion = 10.0.40219.1
Project("{FAE04EC0-301F-11D3-BF4B-00C04F79EFBC}") = "Baker Project", "Baker Project\Baker Project.csproj", "{89D69DBE-0CDB-4ACB-B378-77D8BFB49C69}"
EndProject
Global
	GlobalSection(SolutionConfigurationPlatforms) = preSolution
		Debug|Any CPU = Debug|Any CPU
		Release|Any CPU = Release|Any CPU
	EndGlobalSection
	GlobalSection(ProjectConfigurationPlatforms) = postSolution
		{89D69DBE-0CDB-4ACB-B378-77D8BFB49C69}.Debug|Any CPU.ActiveCfg = Debug|Any CPU
		{89D69DBE-0CDB-4ACB-B378-77D8BFB49C69}.Debug|Any CPU.Build.0 = Debug|Any CPU
		{89D69DBE-0CDB-4ACB-B378-77D8BFB49C69}.Release|Any CPU.ActiveCfg = Release|Any CPU
		{89D69DBE-0CDB-4ACB-B378-77D8BFB49C69}.Release|Any CPU.Build.0 = Release|Any CPU
	EndGlobalSection
	GlobalSection(SolutionProperties) = preSolution
		HideSolutionNode = FALSE
	EndGlobalSection
	GlobalSection(ExtensibilityGlobals) = postSolution
		SolutionGuid = {87E32977-0E6A-4342-8361-69D9C1FAD0E5}
	EndGlobalSection
EndGlobal
